
Microsoft Visual Studio Solution File, Format Version 12.00
# Visual Studio Version 17
VisualStudioVersion = 17.3.32825.248
MinimumVisualStudioVersion = 10.0.40219.1
Project("{FAE04EC0-301F-11D3-BF4B-00C04F79EFBC}") = "BarcodeGeneratorApp", "BarcodeGeneratorApp.csproj", "{1C6AE74A-2466-4E89-BA6A-A550F33D3DC0}"
EndProject
Global
	GlobalSection(SolutionConfigurationPlatforms) = preSolution
		Debug|Any CPU = Debug|Any CPU
		Release|Any CPU = Release|Any CPU
	EndGlobalSection
	GlobalSection(ProjectConfigurationPlatforms) = postSolution
		{1C6AE74A-2466-4E89-BA6A-A550F33D3DC0}.Debug|Any CPU.ActiveCfg = Debug|Any CPU
		{1C6AE74A-2466-4E89-BA6A-A550F33D3DC0}.Debug|Any CPU.Build.0 = Debug|Any CPU
		{1C6AE74A-2466-4E89-BA6A-A550F33D3DC0}.Release|Any CPU.ActiveCfg = Release|Any CPU
		{1C6AE74A-2466-4E89-BA6A-A550F33D3DC0}.Release|Any CPU.Build.0 = Release|Any CPU
	EndGlobalSection
	GlobalSection(SolutionProperties) = preSolution
		HideSolutionNode = FALSE
	EndGlobalSection
	GlobalSection(ExtensibilityGlobals) = postSolution
		SolutionGuid = {D83A0C11-731B-4083-8C5A-223243D5D159}
	EndGlobalSection
EndGlobal
